{
"version": 4,
  "terraform_version": "1.4.2",
  "serial": 11,
  "lineage": "c25cef90-fb80-0363-8c32-9a5d62721832",
  "outputs": {
    "filepath": {
      "value": "ubuntu\\state1.txt",
      "type": "string"
    }
  },
  "resources": [
    {
      "mode": "managed",
      "type": "local_file",
      "name": "test",
      "provider": "provider[\"registry.terraform.io/hashicorp/local\"]",
      "instances": [
        {
          "schema_version": 0,
          "attributes": {
            "content": "saiteja",
            "content_base64": null,
            "content_base64sha256": "+vMZiyc5ztich7Wq4MsEm+mU/x+SQSU0tFRHw76h3mQ=",
            "content_base64sha512": "aCDaYaBHecAAdlzQHlBExg3dUkjutIUNwDUoylWVOFbQqC6bczOfehfsg+3Ztcs1iwzn4LOcGO7BBO2E2zdLxA==",
            "content_md5": "1fe4d9d90e5d8e889a8bd119bb54145d",
            "content_sha1": "26fda8d3e096f8d82961a6c1e06e282cf364583a",
            "content_sha256": "faf3198b2739ced89c87b5aae0cb049be994ff1f92412534b45447c3bea1de64",
            "content_sha512": "6820da61a04779c000765cd01e5044c60ddd5248eeb4850dc03528ca55953856d0a82e9b73339f7a17ec83edd9b5cb358b0ce7e0b39c18eec104ed84db374bc4",
            "directory_permission": "0777",
            "file_permission": "0777",
            "filename": "ubuntu\\state1.txt",
            "id": "26fda8d3e096f8d82961a6c1e06e282cf364583a",
            "sensitive_content": null,
            "source": null
          },
          "sensitive_attributes": []
        }
      ]
    }
  ],
  "check_results": null
}